
Microsoft Visual Studio Solution File, Format Version 12.00
# Visual Studio Version 16
VisualStudioVersion = 16.0.30128.74
MinimumVisualStudioVersion = 10.0.40219.1
Project("{9A19103F-16F7-4668-BE54-9A1E7A4F7556}") = "Homework1", "src\Homework1\Homework1.csproj", "{7F949D46-7E9C-47F2-A81F-E159F1FBBF47}"
EndProject
Project("{9A19103F-16F7-4668-BE54-9A1E7A4F7556}") = "Homework4", "src\Homework4\Homework4.csproj", "{CD537168-E002-4E2D-A77C-FD81567CFDB1}"
EndProject
Global
	GlobalSection(SolutionConfigurationPlatforms) = preSolution
		Debug|Any CPU = Debug|Any CPU
		Release|Any CPU = Release|Any CPU
	EndGlobalSection
	GlobalSection(ProjectConfigurationPlatforms) = postSolution
		{7F949D46-7E9C-47F2-A81F-E159F1FBBF47}.Debug|Any CPU.ActiveCfg = Debug|Any CPU
		{7F949D46-7E9C-47F2-A81F-E159F1FBBF47}.Debug|Any CPU.Build.0 = Debug|Any CPU
		{7F949D46-7E9C-47F2-A81F-E159F1FBBF47}.Release|Any CPU.ActiveCfg = Release|Any CPU
		{7F949D46-7E9C-47F2-A81F-E159F1FBBF47}.Release|Any CPU.Build.0 = Release|Any CPU
		{CD537168-E002-4E2D-A77C-FD81567CFDB1}.Debug|Any CPU.ActiveCfg = Debug|Any CPU
		{CD537168-E002-4E2D-A77C-FD81567CFDB1}.Debug|Any CPU.Build.0 = Debug|Any CPU
		{CD537168-E002-4E2D-A77C-FD81567CFDB1}.Release|Any CPU.ActiveCfg = Release|Any CPU
		{CD537168-E002-4E2D-A77C-FD81567CFDB1}.Release|Any CPU.Build.0 = Release|Any CPU
	EndGlobalSection
	GlobalSection(SolutionProperties) = preSolution
		HideSolutionNode = FALSE
	EndGlobalSection
	GlobalSection(ExtensibilityGlobals) = postSolution
		SolutionGuid = {2D98394C-09E0-47CE-B741-ED7276909824}
	EndGlobalSection
EndGlobal
